// !$*UTF8*$!
{
	archiveVersion = 1;
	classes = {
	};
	objectVersion = 50;
	objects = {

/* Begin PBXBuildFile section */
		240A906F2176DD7200FC29C6 /* README.md in Resources */ = {isa = PBXBuildFile; fileRef = 240A906E2176DD7200FC29C6 /* README.md */; };
		249AC3B4216F3A8D00948A26 /* AppDelegate.swift in Sources */ = {isa = PBXBuildFile; fileRef = 249AC3B3216F3A8D00948A26 /* AppDelegate.swift */; };
		249AC3B6216F3A8D00948A26 /* ViewController.swift in Sources */ = {isa = PBXBuildFile; fileRef = 249AC3B5216F3A8D00948A26 /* ViewController.swift */; };
		249AC3B9216F3A8D00948A26 /* Main.storyboard in Resources */ = {isa = PBXBuildFile; fileRef = 249AC3B7216F3A8D00948A26 /* Main.storyboard */; };
		249AC3BB216F3A9000948A26 /* Assets.xcassets in Resources */ = {isa = PBXBuildFile; fileRef = 249AC3BA216F3A9000948A26 /* Assets.xcassets */; };
		249AC3BE216F3A9000948A26 /* LaunchScreen.storyboard in Resources */ = {isa = PBXBuildFile; fileRef = 249AC3BC216F3A9000948A26 /* LaunchScreen.storyboard */; };
		249AC3C6216F3AFD00948A26 /* Triangle.swift in Sources */ = {isa = PBXBuildFile; fileRef = 249AC3C5216F3AFD00948A26 /* Triangle.swift */; };
		249AC3C8216F3B1100948A26 /* Edge.swift in Sources */ = {isa = PBXBuildFile; fileRef = 249AC3C7216F3B1100948A26 /* Edge.swift */; };
		249AC3CC216F3B9500948A26 /* Vertex.swift in Sources */ = {isa = PBXBuildFile; fileRef = 249AC3CB216F3B9500948A26 /* Vertex.swift */; };
		249AC3CE216F41C800948A26 /* Delaunay.swift in Sources */ = {isa = PBXBuildFile; fileRef = 249AC3CD216F41C800948A26 /* Delaunay.swift */; };
		249AC3D02170725D00948A26 /* Hash.swift in Sources */ = {isa = PBXBuildFile; fileRef = 249AC3CF2170725D00948A26 /* Hash.swift */; };
		249AC3D22170758400948A26 /* Circumcircle.swift in Sources */ = {isa = PBXBuildFile; fileRef = 249AC3D12170758400948A26 /* Circumcircle.swift */; };
/* End PBXBuildFile section */

/* Begin PBXFileReference section */
		240A906E2176DD7200FC29C6 /* README.md */ = {isa = PBXFileReference; fileEncoding = 4; lastKnownFileType = net.daringfireball.markdown; path = README.md; sourceTree = "<group>"; };
		249AC3B0216F3A8D00948A26 /* DelaunayTriangulation.app */ = {isa = PBXFileReference; explicitFileType = wrapper.application; includeInIndex = 0; path = DelaunayTriangulation.app; sourceTree = BUILT_PRODUCTS_DIR; };
		249AC3B3216F3A8D00948A26 /* AppDelegate.swift */ = {isa = PBXFileReference; lastKnownFileType = sourcecode.swift; path = AppDelegate.swift; sourceTree = "<group>"; };
		249AC3B5216F3A8D00948A26 /* ViewController.swift */ = {isa = PBXFileReference; lastKnownFileType = sourcecode.swift; path = ViewController.swift; sourceTree = "<group>"; };
		249AC3B8216F3A8D00948A26 /* Base */ = {isa = PBXFileReference; lastKnownFileType = file.storyboard; name = Base; path = Base.lproj/Main.storyboard; sourceTree = "<group>"; };
		249AC3BA216F3A9000948A26 /* Assets.xcassets */ = {isa = PBXFileReference; lastKnownFileType = folder.assetcatalog; path = Assets.xcassets; sourceTree = "<group>"; };
		249AC3BD216F3A9000948A26 /* Base */ = {isa = PBXFileReference; lastKnownFileType = file.storyboard; name = Base; path = Base.lproj/LaunchScreen.storyboard; sourceTree = "<group>"; };
		249AC3BF216F3A9000948A26 /* Info.plist */ = {isa = PBXFileReference; lastKnownFileType = text.plist.xml; path = Info.plist; sourceTree = "<group>"; };
		249AC3C5216F3AFD00948A26 /* Triangle.swift */ = {isa = PBXFileReference; lastKnownFileType = sourcecode.swift; path = Triangle.swift; sourceTree = "<group>"; };
		249AC3C7216F3B1100948A26 /* Edge.swift */ = {isa = PBXFileReference; lastKnownFileType = sourcecode.swift; path = Edge.swift; sourceTree = "<group>"; };
		249AC3CB216F3B9500948A26 /* Vertex.swift */ = {isa = PBXFileReference; lastKnownFileType = sourcecode.swift; path = Vertex.swift; sourceTree = "<group>"; };
		249AC3CD216F41C800948A26 /* Delaunay.swift */ = {isa = PBXFileReference; lastKnownFileType = sourcecode.swift; path = Delaunay.swift; sourceTree = "<group>"; };
		249AC3CF2170725D00948A26 /* Hash.swift */ = {isa = PBXFileReference; lastKnownFileType = sourcecode.swift; path = Hash.swift; sourceTree = "<group>"; };
		249AC3D12170758400948A26 /* Circumcircle.swift */ = {isa = PBXFileReference; lastKnownFileType = sourcecode.swift; path = Circumcircle.swift; sourceTree = "<group>"; };
/* End PBXFileReference section */

/* Begin PBXFrameworksBuildPhase section */
		249AC3AD216F3A8D00948A26 /* Frameworks */ = {
			isa = PBXFrameworksBuildPhase;
			buildActionMask = 2147483647;
			files = (
			);
			runOnlyForDeploymentPostprocessing = 0;
		};
/* End PBXFrameworksBuildPhase section */

/* Begin PBXGroup section */
		249AC3A7216F3A8D00948A26 = {
			isa = PBXGroup;
			children = (
				240A906E2176DD7200FC29C6 /* README.md */,
				249AC3B2216F3A8D00948A26 /* DelaunayTriangulation */,
				249AC3B1216F3A8D00948A26 /* Products */,
			);
			sourceTree = "<group>";
		};
		249AC3B1216F3A8D00948A26 /* Products */ = {
			isa = PBXGroup;
			children = (
				249AC3B0216F3A8D00948A26 /* DelaunayTriangulation.app */,
			);
			name = Products;
			sourceTree = "<group>";
		};
		249AC3B2216F3A8D00948A26 /* DelaunayTriangulation */ = {
			isa = PBXGroup;
			children = (
				249AC3B3216F3A8D00948A26 /* AppDelegate.swift */,
				249AC3B5216F3A8D00948A26 /* ViewController.swift */,
				249AC3B7216F3A8D00948A26 /* Main.storyboard */,
				249AC3BA216F3A9000948A26 /* Assets.xcassets */,
				249AC3BC216F3A9000948A26 /* LaunchScreen.storyboard */,
				249AC3BF216F3A9000948A26 /* Info.plist */,
				249AC3CD216F41C800948A26 /* Delaunay.swift */,
				249AC3D12170758400948A26 /* Circumcircle.swift */,
				249AC3C5216F3AFD00948A26 /* Triangle.swift */,
				249AC3C7216F3B1100948A26 /* Edge.swift */,
				249AC3CB216F3B9500948A26 /* Vertex.swift */,
				249AC3CF2170725D00948A26 /* Hash.swift */,
			);
			path = DelaunayTriangulation;
			sourceTree = "<group>";
		};
/* End PBXGroup section */

/* Begin PBXNativeTarget section */
		249AC3AF216F3A8D00948A26 /* DelaunayTriangulation */ = {
			isa = PBXNativeTarget;
			buildConfigurationList = 249AC3C2216F3A9000948A26 /* Build configuration list for PBXNativeTarget "DelaunayTriangulation" */;
			buildPhases = (
				249AC3AC216F3A8D00948A26 /* Sources */,
				249AC3AD216F3A8D00948A26 /* Frameworks */,
				249AC3AE216F3A8D00948A26 /* Resources */,
			);
			buildRules = (
			);
			dependencies = (
			);
			name = DelaunayTriangulation;
			productName = DelaunayTriangulation;
			productReference = 249AC3B0216F3A8D00948A26 /* DelaunayTriangulation.app */;
			productType = "com.apple.product-type.application";
		};
/* End PBXNativeTarget section */

/* Begin PBXProject section */
		249AC3A8216F3A8D00948A26 /* Project object */ = {
			isa = PBXProject;
			attributes = {
				LastSwiftUpdateCheck = 1000;
				LastUpgradeCheck = 1000;
				ORGANIZATIONNAME = "WEI QIN";
				TargetAttributes = {
					249AC3AF216F3A8D00948A26 = {
						CreatedOnToolsVersion = 10.0;
					};
				};
			};
			buildConfigurationList = 249AC3AB216F3A8D00948A26 /* Build configuration list for PBXProject "DelaunayTriangulation" */;
			compatibilityVersion = "Xcode 9.3";
			developmentRegion = en;
			hasScannedForEncodings = 0;
			knownRegions = (
				en,
				Base,
			);
			mainGroup = 249AC3A7216F3A8D00948A26;
			productRefGroup = 249AC3B1216F3A8D00948A26 /* Products */;
			projectDirPath = "";
			projectRoot = "";
			targets = (
				249AC3AF216F3A8D00948A26 /* DelaunayTriangulation */,
			);
		};
/* End PBXProject section */

/* Begin PBXResourcesBuildPhase section */
		249AC3AE216F3A8D00948A26 /* Resources */ = {
			isa = PBXResourcesBuildPhase;
			buildActionMask = 2147483647;
			files = (
				249AC3BE216F3A9000948A26 /* LaunchScreen.storyboard in Resources */,
				249AC3BB216F3A9000948A26 /* Assets.xcassets in Resources */,
				240A906F2176DD7200FC29C6 /* README.md in Resources */,
				249AC3B9216F3A8D00948A26 /* Main.storyboard in Resources */,
			);
			runOnlyForDeploymentPostprocessing = 0;
		};
/* End PBXResourcesBuildPhase section */

/* Begin PBXSourcesBuildPhase section */
		249AC3AC216F3A8D00948A26 /* Sources */ = {
			isa = PBXSourcesBuildPhase;
			buildActionMask = 2147483647;
			files = (
				249AC3CE216F41C800948A26 /* Delaunay.swift in Sources */,
				249AC3C6216F3AFD00948A26 /* Triangle.swift in Sources */,
				249AC3D22170758400948A26 /* Circumcircle.swift in Sources */,
				249AC3B6216F3A8D00948A26 /* ViewController.swift in Sources */,
				249AC3C8216F3B1100948A26 /* Edge.swift in Sources */,
				249AC3CC216F3B9500948A26 /* Vertex.swift in Sources */,
				249AC3B4216F3A8D00948A26 /* AppDelegate.swift in Sources */,
				249AC3D02170725D00948A26 /* Hash.swift in Sources */,
			);
			runOnlyForDeploymentPostprocessing = 0;
		};
/* End PBXSourcesBuildPhase section */

/* Begin PBXVariantGroup section */
		249AC3B7216F3A8D00948A26 /* Main.storyboard */ = {
			isa = PBXVariantGroup;
			children = (
				249AC3B8216F3A8D00948A26 /* Base */,
			);
			name = Main.storyboard;
			sourceTree = "<group>";
		};
		249AC3BC216F3A9000948A26 /* LaunchScreen.storyboard */ = {
			isa = PBXVariantGroup;
			children = (
				249AC3BD216F3A9000948A26 /* Base */,
			);
			name = LaunchScreen.storyboard;
			sourceTree = "<group>";
		};
/* End PBXVariantGroup section */

/* Begin XCBuildConfiguration section */
		249AC3C0216F3A9000948A26 /* Debug */ = {
			isa = XCBuildConfiguration;
			buildSettings = {
				ALWAYS_SEARCH_USER_PATHS = NO;
				CLANG_ANALYZER_NONNULL = YES;
				CLANG_ANALYZER_NUMBER_OBJECT_CONVERSION = YES_AGGRESSIVE;
				CLANG_CXX_LANGUAGE_STANDARD = "gnu++14";
				CLANG_CXX_LIBRARY = "libc++";
				CLANG_ENABLE_MODULES = YES;
				CLANG_ENABLE_OBJC_ARC = YES;
				CLANG_ENABLE_OBJC_WEAK = YES;
				CLANG_WARN_BLOCK_CAPTURE_AUTORELEASING = YES;
				CLANG_WARN_BOOL_CONVERSION = YES;
				CLANG_WARN_COMMA = YES;
				CLANG_WARN_CONSTANT_CONVERSION = YES;
				CLANG_WARN_DEPRECATED_OBJC_IMPLEMENTATIONS = YES;
				CLANG_WARN_DIRECT_OBJC_ISA_USAGE = YES_ERROR;
				CLANG_WARN_DOCUMENTATION_COMMENTS = YES;
				CLANG_WARN_EMPTY_BODY = YES;
				CLANG_WARN_ENUM_CONVERSION = YES;
				CLANG_WARN_INFINITE_RECURSION = YES;
				CLANG_WARN_INT_CONVERSION = YES;
				CLANG_WARN_NON_LITERAL_NULL_CONVERSION = YES;
				CLANG_WARN_OBJC_IMPLICIT_RETAIN_SELF = YES;
				CLANG_WARN_OBJC_LITERAL_CONVERSION = YES;
				CLANG_WARN_OBJC_ROOT_CLASS = YES_ERROR;
				CLANG_WARN_RANGE_LOOP_ANALYSIS = YES;
				CLANG_WARN_STRICT_PROTOTYPES = YES;
				CLANG_WARN_SUSPICIOUS_MOVE = YES;
				CLANG_WARN_UNGUARDED_AVAILABILITY = YES_AGGRESSIVE;
				CLANG_WARN_UNREACHABLE_CODE = YES;
				CLANG_WARN__DUPLICATE_METHOD_MATCH = YES;
				CODE_SIGN_IDENTITY = "iPhone Developer";
				COPY_PHASE_STRIP = NO;
				DEBUG_INFORMATION_FORMAT = dwarf;
				ENABLE_STRICT_OBJC_MSGSEND = YES;
				ENABLE_TESTABILITY = YES;
				GCC_C_LANGUAGE_STANDARD = gnu11;
				GCC_DYNAMIC_NO_PIC = NO;
				GCC_NO_COMMON_BLOCKS = YES;
				GCC_OPTIMIZATION_LEVEL = 0;
				GCC_PREPROCESSOR_DEFINITIONS = (
					"DEBUG=1",
					"$(inherited)",
				);
				GCC_WARN_64_TO_32_BIT_CONVERSION = YES;
				GCC_WARN_ABOUT_RETURN_TYPE = YES_ERROR;
				GCC_WARN_UNDECLARED_SELECTOR = YES;
				GCC_WARN_UNINITIALIZED_AUTOS = YES_AGGRESSIVE;
				GCC_WARN_UNUSED_FUNCTION = YES;
				GCC_WARN_UNUSED_VARIABLE = YES;
				IPHONEOS_DEPLOYMENT_TARGET = 12.0;
				MTL_ENABLE_DEBUG_INFO = INCLUDE_SOURCE;
				MTL_FAST_MATH = YES;
				ONLY_ACTIVE_ARCH = YES;
				SDKROOT = iphoneos;
				SWIFT_ACTIVE_COMPILATION_CONDITIONS = DEBUG;
				SWIFT_OPTIMIZATION_LEVEL = "-Onone";
			};
			name = Debug;
		};
		249AC3C1216F3A9000948A26 /* Release */ = {
			isa = XCBuildConfiguration;
			buildSettings = {
				ALWAYS_SEARCH_USER_PATHS = NO;
				CLANG_ANALYZER_NONNULL = YES;
				CLANG_ANALYZER_NUMBER_OBJECT_CONVERSION = YES_AGGRESSIVE;
				CLANG_CXX_LANGUAGE_STANDARD = "gnu++14";
				CLANG_CXX_LIBRARY = "libc++";
				CLANG_ENABLE_MODULES = YES;
				CLANG_ENABLE_OBJC_ARC = YES;
				CLANG_ENABLE_OBJC_WEAK = YES;
				CLANG_WARN_BLOCK_CAPTURE_AUTORELEASING = YES;
				CLANG_WARN_BOOL_CONVERSION = YES;
				CLANG_WARN_COMMA = YES;
				CLANG_WARN_CONSTANT_CONVERSION = YES;
				CLANG_WARN_DEPRECATED_OBJC_IMPLEMENTATIONS = YES;
				CLANG_WARN_DIRECT_OBJC_ISA_USAGE = YES_ERROR;
				CLANG_WARN_DOCUMENTATION_COMMENTS = YES;
				CLANG_WARN_EMPTY_BODY = YES;
				CLANG_WARN_ENUM_CONVERSION = YES;
				CLANG_WARN_INFINITE_RECURSION = YES;
				CLANG_WARN_INT_CONVERSION = YES;
				CLANG_WARN_NON_LITERAL_NULL_CONVERSION = YES;
				CLANG_WARN_OBJC_IMPLICIT_RETAIN_SELF = YES;
				CLANG_WARN_OBJC_LITERAL_CONVERSION = YES;
				CLANG_WARN_OBJC_ROOT_CLASS = YES_ERROR;
				CLANG_WARN_RANGE_LOOP_ANALYSIS = YES;
				CLANG_WARN_STRICT_PROTOTYPES = YES;
				CLANG_WARN_SUSPICIOUS_MOVE = YES;
				CLANG_WARN_UNGUARDED_AVAILABILITY = YES_AGGRESSIVE;
				CLANG_WARN_UNREACHABLE_CODE = YES;
				CLANG_WARN__DUPLICATE_METHOD_MATCH = YES;
				CODE_SIGN_IDENTITY = "iPhone Developer";
				COPY_PHASE_STRIP = NO;
				DEBUG_INFORMATION_FORMAT = "dwarf-with-dsym";
				ENABLE_NS_ASSERTIONS = NO;
				ENABLE_STRICT_OBJC_MSGSEND = YES;
				GCC_C_LANGUAGE_STANDARD = gnu11;
				GCC_NO_COMMON_BLOCKS = YES;
				GCC_WARN_64_TO_32_BIT_CONVERSION = YES;
				GCC_WARN_ABOUT_RETURN_TYPE = YES_ERROR;
				GCC_WARN_UNDECLARED_SELECTOR = YES;
				GCC_WARN_UNINITIALIZED_AUTOS = YES_AGGRESSIVE;
				GCC_WARN_UNUSED_FUNCTION = YES;
				GCC_WARN_UNUSED_VARIABLE = YES;
				IPHONEOS_DEPLOYMENT_TARGET = 12.0;
				MTL_ENABLE_DEBUG_INFO = NO;
				MTL_FAST_MATH = YES;
				SDKROOT = iphoneos;
				SWIFT_COMPILATION_MODE = wholemodule;
				SWIFT_OPTIMIZATION_LEVEL = "-O";
				VALIDATE_PRODUCT = YES;
			};
			name = Release;
		};
		249AC3C3216F3A9000948A26 /* Debug */ = {
			isa = XCBuildConfiguration;
			buildSettings = {
				ASSETCATALOG_COMPILER_APPICON_NAME = AppIcon;
				CODE_SIGN_STYLE = Automatic;
				DEVELOPMENT_TEAM = 55R3QD4LZ2;
				INFOPLIST_FILE = DelaunayTriangulation/Info.plist;
				IPHONEOS_DEPLOYMENT_TARGET = 9.0;
				LD_RUNPATH_SEARCH_PATHS = (
					"$(inherited)",
					"@executable_path/Frameworks",
				);
				PRODUCT_BUNDLE_IDENTIFIER = com.app.DelaunayTriangulation;
				PRODUCT_NAME = "$(TARGET_NAME)";
				SWIFT_VERSION = 4.2;
				TARGETED_DEVICE_FAMILY = "1,2";
			};
			name = Debug;
		};
		249AC3C4216F3A9000948A26 /* Release */ = {
			isa = XCBuildConfiguration;
			buildSettings = {
				ASSETCATALOG_COMPILER_APPICON_NAME = AppIcon;
				CODE_SIGN_STYLE = Automatic;
				DEVELOPMENT_TEAM = 55R3QD4LZ2;
				INFOPLIST_FILE = DelaunayTriangulation/Info.plist;
				IPHONEOS_DEPLOYMENT_TARGET = 9.0;
				LD_RUNPATH_SEARCH_PATHS = (
					"$(inherited)",
					"@executable_path/Frameworks",
				);
				PRODUCT_BUNDLE_IDENTIFIER = com.app.DelaunayTriangulation;
				PRODUCT_NAME = "$(TARGET_NAME)";
				SWIFT_VERSION = 4.2;
				TARGETED_DEVICE_FAMILY = "1,2";
			};
			name = Release;
		};
/* End XCBuildConfiguration section */

/* Begin XCConfigurationList section */
		249AC3AB216F3A8D00948A26 /* Build configuration list for PBXProject "DelaunayTriangulation" */ = {
			isa = XCConfigurationList;
			buildConfigurations = (
				249AC3C0216F3A9000948A26 /* Debug */,
				249AC3C1216F3A9000948A26 /* Release */,
			);
			defaultConfigurationIsVisible = 0;
			defaultConfigurationName = Release;
		};
		249AC3C2216F3A9000948A26 /* Build configuration list for PBXNativeTarget "DelaunayTriangulation" */ = {
			isa = XCConfigurationList;
			buildConfigurations = (
				249AC3C3216F3A9000948A26 /* Debug */,
				249AC3C4216F3A9000948A26 /* Release */,
			);
			defaultConfigurationIsVisible = 0;
			defaultConfigurationName = Release;
		};
/* End XCConfigurationList section */
	};
	rootObject = 249AC3A8216F3A8D00948A26 /* Project object */;
}
